
Microsoft Visual Studio Solution File, Format Version 12.00
# Visual Studio Version 17
VisualStudioVersion = 17.0.32126.317
MinimumVisualStudioVersion = 10.0.40219.1
Project("{9A19103F-16F7-4668-BE54-9A1E7A4F7556}") = "CommonLib", "CommonLib\CommonLib.csproj", "{39481A44-0A8A-400E-BBC6-7B7949B5C8E7}"
EndProject
Project("{9A19103F-16F7-4668-BE54-9A1E7A4F7556}") = "LibTester", "LibTester\LibTester.csproj", "{E1448D56-587C-4F22-94EE-C758A4D9E286}"
EndProject
Project("{2150E333-8FDC-42A3-9474-1A3956D46DE8}") = "Solution Items", "Solution Items", "{D5396EAA-7821-490E-9833-8978EE772CD2}"
	ProjectSection(SolutionItems) = preProject
		README.md = README.md
	EndProjectSection
EndProject
Global
	GlobalSection(SolutionConfigurationPlatforms) = preSolution
		Debug|Any CPU = Debug|Any CPU
		Release|Any CPU = Release|Any CPU
	EndGlobalSection
	GlobalSection(ProjectConfigurationPlatforms) = postSolution
		{39481A44-0A8A-400E-BBC6-7B7949B5C8E7}.Debug|Any CPU.ActiveCfg = Debug|Any CPU
		{39481A44-0A8A-400E-BBC6-7B7949B5C8E7}.Debug|Any CPU.Build.0 = Debug|Any CPU
		{39481A44-0A8A-400E-BBC6-7B7949B5C8E7}.Release|Any CPU.ActiveCfg = Release|Any CPU
		{39481A44-0A8A-400E-BBC6-7B7949B5C8E7}.Release|Any CPU.Build.0 = Release|Any CPU
		{E1448D56-587C-4F22-94EE-C758A4D9E286}.Debug|Any CPU.ActiveCfg = Debug|Any CPU
		{E1448D56-587C-4F22-94EE-C758A4D9E286}.Debug|Any CPU.Build.0 = Debug|Any CPU
		{E1448D56-587C-4F22-94EE-C758A4D9E286}.Release|Any CPU.ActiveCfg = Release|Any CPU
		{E1448D56-587C-4F22-94EE-C758A4D9E286}.Release|Any CPU.Build.0 = Release|Any CPU
	EndGlobalSection
	GlobalSection(SolutionProperties) = preSolution
		HideSolutionNode = FALSE
	EndGlobalSection
	GlobalSection(ExtensibilityGlobals) = postSolution
		SolutionGuid = {55C1ECFA-1122-42EF-A220-E3AE65F165D1}
	EndGlobalSection
EndGlobal
